{
  "version": "5",
  "specifiers": {
    "jsr:@std/cli@^1.0.21": "1.0.22",
    "jsr:@std/encoding@^1.0.10": "1.0.10",
    "jsr:@std/fmt@^1.0.8": "1.0.9",
    "jsr:@std/fs@^1.0.19": "1.0.22",
    "jsr:@std/html@^1.0.4": "1.0.4",
    "jsr:@std/http@*": "1.0.20",
    "jsr:@std/http@1": "1.0.20",
    "jsr:@std/internal@^1.0.12": "1.0.12",
    "jsr:@std/media-types@^1.1.0": "1.1.0",
    "jsr:@std/net@^1.0.4": "1.0.6",
    "jsr:@std/path@^1.1.1": "1.1.4",
    "jsr:@std/streams@^1.0.10": "1.0.12",
    "npm:@supabase/supabase-js@2": "2.98.0"
  },
  "jsr": {
    "@std/cli@1.0.22": {
      "integrity": "50d1e4f87887cb8a8afa29b88505ab5081188f5cad3985460c3b471fa49ff21a"
    },
    "@std/encoding@1.0.10": {
      "integrity": "8783c6384a2d13abd5e9e87a7ae0520a30e9f56aeeaa3bdf910a3eaaf5c811a1"
    },
    "@std/fmt@1.0.9": {
      "integrity": "2487343e8899fb2be5d0e3d35013e54477ada198854e52dd05ed0422eddcabe0"
    },
    "@std/fs@1.0.22": {
      "integrity": "de0f277a58a867147a8a01bc1b181d0dfa80bfddba8c9cf2bacd6747bcec9308"
    },
    "@std/html@1.0.4": {
      "integrity": "eff3497c08164e6ada49b7f81a28b5108087033823153d065e3f89467dd3d50e"
    },
    "@std/http@1.0.20": {
      "integrity": "b5cc33fc001bccce65ed4c51815668c9891c69ccd908295997e983d8f56070a1",
      "dependencies": [
        "jsr:@std/cli",
        "jsr:@std/encoding",
        "jsr:@std/fmt",
        "jsr:@std/fs",
        "jsr:@std/html",
        "jsr:@std/media-types",
        "jsr:@std/net",
        "jsr:@std/path",
        "jsr:@std/streams"
      ]
    },
    "@std/internal@1.0.12": {
      "integrity": "972a634fd5bc34b242024402972cd5143eac68d8dffaca5eaa4dba30ce17b027"
    },
    "@std/media-types@1.1.0": {
      "integrity": "c9d093f0c05c3512932b330e3cc1fe1d627b301db33a4c2c2185c02471d6eaa4"
    },
    "@std/net@1.0.6": {
      "integrity": "110735f93e95bb9feb95790a8b1d1bf69ec0dc74f3f97a00a76ea5efea25500c"
    },
    "@std/path@1.1.4": {
      "integrity": "1d2d43f39efb1b42f0b1882a25486647cb851481862dc7313390b2bb044314b5",
      "dependencies": [
        "jsr:@std/internal"
      ]
    },
    "@std/streams@1.0.12": {
      "integrity": "ae925fa1dc459b1abf5cbaa28cc5c7b0485853af3b2a384b0dc22d86e59dfbf4"
    }
  },
  "npm": {
    "@supabase/auth-js@2.98.0": {
      "integrity": "sha512-GBH361T0peHU91AQNzOlIrjUZw9TZbB9YDRiyFgk/3Kvr3/Z1NWUZ2athWTfHhwNNi8IrW00foyFxQD9IO/Trg==",
      "dependencies": [
        "tslib"
      ]
    },
    "@supabase/functions-js@2.98.0": {
      "integrity": "sha512-N/xEyiNU5Org+d+PNCpv+TWniAXRzxIURxDYsS/m2I/sfAB/HcM9aM2Dmf5edj5oWb9GxID1OBaZ8NMmPXL+Lg==",
      "dependencies": [
        "tslib"
      ]
    },
    "@supabase/postgrest-js@2.98.0": {
      "integrity": "sha512-v6e9WeZuJijzUut8HyXu6gMqWFepIbaeaMIm1uKzei4yLg9bC9OtEW9O14LE/9ezqNbSAnSLO5GtOLFdm7Bpkg==",
      "dependencies": [
        "tslib"
      ]
    },
    "@supabase/realtime-js@2.98.0": {
      "integrity": "sha512-rOWt28uGyFipWOSd+n0WVMr9kUXiWaa7J4hvyLCIHjRFqWm1z9CaaKAoYyfYMC1Exn3WT8WePCgiVhlAtWC2yw==",
      "dependencies": [
        "@types/phoenix",
        "@types/ws",
        "tslib",
        "ws"
      ]
    },
    "@supabase/storage-js@2.98.0": {
      "integrity": "sha512-tzr2mG+v7ILSAZSfZMSL9OPyIH4z1ikgQ8EcQTKfMRz4EwmlFt3UnJaGzSOxyvF5b+fc9So7qdSUWTqGgeLokQ==",
      "dependencies": [
        "iceberg-js",
        "tslib"
      ]
    },
    "@supabase/supabase-js@2.98.0": {
      "integrity": "sha512-Ohc97CtInLwZyiSASz7tT9/Abm/vqnIbO9REp+PivVUII8UZsuI3bngRQnYgJdFoOIwvaEII1fX1qy8x0CyNiw==",
      "dependencies": [
        "@supabase/auth-js",
        "@supabase/functions-js",
        "@supabase/postgrest-js",
        "@supabase/realtime-js",
        "@supabase/storage-js"
      ]
    },
    "@types/node@25.3.3": {
      "integrity": "sha512-DpzbrH7wIcBaJibpKo9nnSQL0MTRdnWttGyE5haGwK86xgMOkFLp7vEyfQPGLOJh5wNYiJ3V9PmUMDhV9u8kkQ==",
      "dependencies": [
        "undici-types"
      ]
    },
    "@types/phoenix@1.6.7": {
      "integrity": "sha512-oN9ive//QSBkf19rfDv45M7eZPi0eEXylht2OLEXicu5b4KoQ1OzXIw+xDSGWxSxe1JmepRR/ZH283vsu518/Q=="
    },
    "@types/ws@8.18.1": {
      "integrity": "sha512-ThVF6DCVhA8kUGy+aazFQ4kXQ7E1Ty7A3ypFOe0IcJV8O/M511G99AW24irKrW56Wt44yG9+ij8FaqoBGkuBXg==",
      "dependencies": [
        "@types/node"
      ]
    },
    "iceberg-js@0.8.1": {
      "integrity": "sha512-1dhVQZXhcHje7798IVM+xoo/1ZdVfzOMIc8/rgVSijRK38EDqOJoGula9N/8ZI5RD8QTxNQtK/Gozpr+qUqRRA=="
    },
    "tslib@2.8.1": {
      "integrity": "sha512-oJFu94HQb+KVduSUQL7wnpmqnfmLsOA/nAh6b6EH0wCEoK0/mPeXU6c3wKDV83MkOuHPRHtSXKKU99IBazS/2w=="
    },
    "undici-types@7.18.2": {
      "integrity": "sha512-AsuCzffGHJybSaRrmr5eHr81mwJU3kjw6M+uprWvCXiNeN9SOGwQ3Jn8jb8m3Z6izVgknn1R0FTCEAP2QrLY/w=="
    },
    "ws@8.18.3": {
      "integrity": "sha512-PEIGCY5tSlUt50cqyMXfCzX+oOPqN0vuGqWzbcJ2xvnkzkq46oOpz7dQaTDBdfICb4N14+GARUDw2XV2N4tvzg=="
    }
  },
  "workspace": {
    "dependencies": [
      "npm:@supabase/supabase-js@2"
    ]
  }
}
